{
    "name": "2048",
    "version": "0.1.0",
    "lockfileVersion": 1,
    "requires": true,
    "dependencies": {
        "typescript": {
            "version": "4.3.0-dev.20210216",
            "resolved": "https://registry.npmjs.org/typescript/-/typescript-4.3.0-dev.20210216.tgz",
            "integrity": "sha512-pJLcC/kqnE+0rftTRc2/gYBkz9nl+kJfaU8sSOLYnzUvD8p+LOZMzXfaLoKPdGFJ6U9+Ox/sYV9HBTJVEjSTYg==",
            "dev": true
        }
    }
}
